
Microsoft Visual Studio Solution File, Format Version 12.00
# Visual Studio Version 17
VisualStudioVersion = 17.9.34728.123
MinimumVisualStudioVersion = 10.0.40219.1
Project("{8BC9CEB8-8B4A-11D0-8D11-00A0C91BC942}") = "Cuda_test_project", "Cuda_test_project\Cuda_test_project.vcxproj", "{5DF9CF94-15AD-4E74-A803-5CD13A51EB35}"
EndProject
Global
	GlobalSection(SolutionConfigurationPlatforms) = preSolution
		Debug|x64 = Debug|x64
		Release|x64 = Release|x64
	EndGlobalSection
	GlobalSection(ProjectConfigurationPlatforms) = postSolution
		{5DF9CF94-15AD-4E74-A803-5CD13A51EB35}.Debug|x64.ActiveCfg = Debug|x64
		{5DF9CF94-15AD-4E74-A803-5CD13A51EB35}.Debug|x64.Build.0 = Debug|x64
		{5DF9CF94-15AD-4E74-A803-5CD13A51EB35}.Release|x64.ActiveCfg = Release|x64
		{5DF9CF94-15AD-4E74-A803-5CD13A51EB35}.Release|x64.Build.0 = Release|x64
	EndGlobalSection
	GlobalSection(SolutionProperties) = preSolution
		HideSolutionNode = FALSE
	EndGlobalSection
	GlobalSection(ExtensibilityGlobals) = postSolution
		SolutionGuid = {69E8CB42-D415-45E1-A368-B595F2DDFF00}
	EndGlobalSection
EndGlobal
